
Microsoft Visual Studio Solution File, Format Version 12.00
# Visual Studio Version 17
VisualStudioVersion = 17.2.32630.192
MinimumVisualStudioVersion = 10.0.40219.1
Project("{9A19103F-16F7-4668-BE54-9A1E7A4F7556}") = "Arasan", "Arasan\Arasan.csproj", "{CA38F8DF-67D1-4E77-9F05-687B5D0CFAA6}"
EndProject
Project("{2150E333-8FDC-42A3-9474-1A3956D46DE8}") = "Solution Items", "Solution Items", "{2A41C4D8-A0C0-405C-B7D6-7C27FC675F18}"
	ProjectSection(SolutionItems) = preProject
		.editorconfig = .editorconfig
	EndProjectSection
EndProject
Project("{9A19103F-16F7-4668-BE54-9A1E7A4F7556}") = "RDLCDesign", "RDLCDesign\RDLCDesign.csproj", "{4C8B4713-FA98-4A6D-9312-FAC75A5ABA80}"
EndProject
Project("{FAE04EC0-301F-11D3-BF4B-00C04F79EFBC}") = "RDLCReport1", "RDLCReport1\RDLCReport1.csproj", "{C46A57D4-A37C-436F-A224-29E8FB990EF6}"
EndProject
Global
	GlobalSection(SolutionConfigurationPlatforms) = preSolution
		Debug|Any CPU = Debug|Any CPU
		Release|Any CPU = Release|Any CPU
	EndGlobalSection
	GlobalSection(ProjectConfigurationPlatforms) = postSolution
		{CA38F8DF-67D1-4E77-9F05-687B5D0CFAA6}.Debug|Any CPU.ActiveCfg = Debug|Any CPU
		{CA38F8DF-67D1-4E77-9F05-687B5D0CFAA6}.Debug|Any CPU.Build.0 = Debug|Any CPU
		{CA38F8DF-67D1-4E77-9F05-687B5D0CFAA6}.Release|Any CPU.ActiveCfg = Release|Any CPU
		{CA38F8DF-67D1-4E77-9F05-687B5D0CFAA6}.Release|Any CPU.Build.0 = Release|Any CPU
		{4C8B4713-FA98-4A6D-9312-FAC75A5ABA80}.Debug|Any CPU.ActiveCfg = Debug|Any CPU
		{4C8B4713-FA98-4A6D-9312-FAC75A5ABA80}.Release|Any CPU.ActiveCfg = Release|Any CPU
		{4C8B4713-FA98-4A6D-9312-FAC75A5ABA80}.Release|Any CPU.Build.0 = Release|Any CPU
		{C46A57D4-A37C-436F-A224-29E8FB990EF6}.Debug|Any CPU.ActiveCfg = Debug|Any CPU
		{C46A57D4-A37C-436F-A224-29E8FB990EF6}.Debug|Any CPU.Build.0 = Debug|Any CPU
		{C46A57D4-A37C-436F-A224-29E8FB990EF6}.Release|Any CPU.ActiveCfg = Release|Any CPU
		{C46A57D4-A37C-436F-A224-29E8FB990EF6}.Release|Any CPU.Build.0 = Release|Any CPU
	EndGlobalSection
	GlobalSection(SolutionProperties) = preSolution
		HideSolutionNode = FALSE
	EndGlobalSection
	GlobalSection(ExtensibilityGlobals) = postSolution
		SolutionGuid = {415A8F4D-2BBF-46C0-BCC5-433F910FA6B8}
	EndGlobalSection
EndGlobal
